
Microsoft Visual Studio Solution File, Format Version 12.00
# Visual Studio 15
VisualStudioVersion = 15.0.28307.168
MinimumVisualStudioVersion = 10.0.40219.1
Project("{FAE04EC0-301F-11D3-BF4B-00C04F79EFBC}") = "Tagger", "Tagger\Tagger.csproj", "{62C431B1-D763-48D1-AE32-CF2110DE96E7}"
EndProject
Global
	GlobalSection(SolutionConfigurationPlatforms) = preSolution
		Debug|Any CPU = Debug|Any CPU
		Release|Any CPU = Release|Any CPU
	EndGlobalSection
	GlobalSection(ProjectConfigurationPlatforms) = postSolution
		{62C431B1-D763-48D1-AE32-CF2110DE96E7}.Debug|Any CPU.ActiveCfg = Debug|Any CPU
		{62C431B1-D763-48D1-AE32-CF2110DE96E7}.Debug|Any CPU.Build.0 = Debug|Any CPU
		{62C431B1-D763-48D1-AE32-CF2110DE96E7}.Release|Any CPU.ActiveCfg = Release|Any CPU
		{62C431B1-D763-48D1-AE32-CF2110DE96E7}.Release|Any CPU.Build.0 = Release|Any CPU
	EndGlobalSection
	GlobalSection(SolutionProperties) = preSolution
		HideSolutionNode = FALSE
	EndGlobalSection
	GlobalSection(ExtensibilityGlobals) = postSolution
		SolutionGuid = {A0443681-6817-4E3B-A24B-BB64C38BB64C}
	EndGlobalSection
EndGlobal
